
Microsoft Visual Studio Solution File, Format Version 12.00
# Visual Studio Version 16
VisualStudioVersion = 16.0.29215.179
MinimumVisualStudioVersion = 10.0.40219.1
Project("{FAE04EC0-301F-11D3-BF4B-00C04F79EFBC}") = "Task1", "Task1\Task1.csproj", "{3AA5488B-7004-4105-9947-4F1B177EBE9A}"
EndProject
Global
	GlobalSection(SolutionConfigurationPlatforms) = preSolution
		Debug|Any CPU = Debug|Any CPU
		Release|Any CPU = Release|Any CPU
	EndGlobalSection
	GlobalSection(ProjectConfigurationPlatforms) = postSolution
		{3AA5488B-7004-4105-9947-4F1B177EBE9A}.Debug|Any CPU.ActiveCfg = Debug|Any CPU
		{3AA5488B-7004-4105-9947-4F1B177EBE9A}.Debug|Any CPU.Build.0 = Debug|Any CPU
		{3AA5488B-7004-4105-9947-4F1B177EBE9A}.Release|Any CPU.ActiveCfg = Release|Any CPU
		{3AA5488B-7004-4105-9947-4F1B177EBE9A}.Release|Any CPU.Build.0 = Release|Any CPU
	EndGlobalSection
	GlobalSection(SolutionProperties) = preSolution
		HideSolutionNode = FALSE
	EndGlobalSection
	GlobalSection(ExtensibilityGlobals) = postSolution
		SolutionGuid = {144649B5-A99D-4A11-BC81-4B92AAF3C45E}
	EndGlobalSection
EndGlobal
