
Microsoft Visual Studio Solution File, Format Version 12.00
# Visual Studio Version 16
VisualStudioVersion = 16.0.29519.181
MinimumVisualStudioVersion = 10.0.40219.1
Project("{9A19103F-16F7-4668-BE54-9A1E7A4F7556}") = "Moudio_Fernand_Task19", "Moudio_Fernand_Task19\Moudio_Fernand_Task19.csproj", "{CD2E00FC-327A-41EC-9204-044F0ABA5A34}"
EndProject
Project("{2150E333-8FDC-42A3-9474-1A3956D46DE8}") = "DTO", "DTO", "{85CF8046-408C-4955-A995-AD0D785CE23D}"
EndProject
Project("{2150E333-8FDC-42A3-9474-1A3956D46DE8}") = "DAL", "DAL", "{026BAD44-2AAC-4698-ACC5-17AAA762EFDC}"
EndProject
Project("{2150E333-8FDC-42A3-9474-1A3956D46DE8}") = "BLL", "BLL", "{83C84637-8BD4-4D06-8E11-7D553918BC68}"
EndProject
Project("{FAE04EC0-301F-11D3-BF4B-00C04F79EFBC}") = "Entities", "Entities\Entities.csproj", "{E5F3BD8E-E500-4399-983D-39FC44ED919A}"
EndProject
Global
	GlobalSection(SolutionConfigurationPlatforms) = preSolution
		Debug|Any CPU = Debug|Any CPU
		Release|Any CPU = Release|Any CPU
	EndGlobalSection
	GlobalSection(ProjectConfigurationPlatforms) = postSolution
		{CD2E00FC-327A-41EC-9204-044F0ABA5A34}.Debug|Any CPU.ActiveCfg = Debug|Any CPU
		{CD2E00FC-327A-41EC-9204-044F0ABA5A34}.Debug|Any CPU.Build.0 = Debug|Any CPU
		{CD2E00FC-327A-41EC-9204-044F0ABA5A34}.Release|Any CPU.ActiveCfg = Release|Any CPU
		{CD2E00FC-327A-41EC-9204-044F0ABA5A34}.Release|Any CPU.Build.0 = Release|Any CPU
		{E5F3BD8E-E500-4399-983D-39FC44ED919A}.Debug|Any CPU.ActiveCfg = Debug|Any CPU
		{E5F3BD8E-E500-4399-983D-39FC44ED919A}.Debug|Any CPU.Build.0 = Debug|Any CPU
		{E5F3BD8E-E500-4399-983D-39FC44ED919A}.Release|Any CPU.ActiveCfg = Release|Any CPU
		{E5F3BD8E-E500-4399-983D-39FC44ED919A}.Release|Any CPU.Build.0 = Release|Any CPU
	EndGlobalSection
	GlobalSection(SolutionProperties) = preSolution
		HideSolutionNode = FALSE
	EndGlobalSection
	GlobalSection(NestedProjects) = preSolution
		{E5F3BD8E-E500-4399-983D-39FC44ED919A} = {85CF8046-408C-4955-A995-AD0D785CE23D}
	EndGlobalSection
	GlobalSection(ExtensibilityGlobals) = postSolution
		SolutionGuid = {E8A1D225-5505-4D4B-8A4E-E2F2ECFC572F}
	EndGlobalSection
EndGlobal
